
Microsoft Visual Studio Solution File, Format Version 12.00
# Visual Studio Version 17
VisualStudioVersion = 17.14.36518.9
MinimumVisualStudioVersion = 10.0.40219.1
Project("{2150E333-8FDC-42A3-9474-1A3956D46DE8}") = ".github", ".github", "{02EA681E-C7D8-13C7-8484-4AC65E1B71E8}"
	ProjectSection(SolutionItems) = preProject
		.github\copilot-instructions.md = .github\copilot-instructions.md
	EndProjectSection
EndProject
Project("{FAE04EC0-301F-11D3-BF4B-00C04F79EFBC}") = "Dualis", "src\Dualis\Dualis.csproj", "{FCD373BE-2729-4A07-A50E-8673D24F4D10}"
EndProject
Project("{2150E333-8FDC-42A3-9474-1A3956D46DE8}") = "Solution Items", "Solution Items", "{77EB95D5-392C-46D4-9B09-089BCD7D751E}"
	ProjectSection(SolutionItems) = preProject
		.editorconfig = .editorconfig
		build.yml = build.yml
		Directory.Build.props = Directory.Build.props
		Directory.Packages.props = Directory.Packages.props
		logo.png = logo.png
	EndProjectSection
EndProject
Project("{FAE04EC0-301F-11D3-BF4B-00C04F79EFBC}") = "Presentation", "src\Presentation\Presentation.csproj", "{F427A3AA-A3E2-4F7A-9C48-E7A62E4844E6}"
EndProject
Project("{FAE04EC0-301F-11D3-BF4B-00C04F79EFBC}") = "SourceGen", "src\SourceGen\SourceGen.csproj", "{BFEE1445-2298-C853-6AC1-90D5A8B2BE3A}"
EndProject
Project("{2150E333-8FDC-42A3-9474-1A3956D46DE8}") = "tests", "tests", "{0AB3BF05-4346-4AA6-1389-037BE0695223}"
EndProject
Project("{FAE04EC0-301F-11D3-BF4B-00C04F79EFBC}") = "Dualis.Benchmarks", "tests\Dualis.Benchmarks\Dualis.Benchmarks.csproj", "{A58E04A3-E344-49F4-A19F-82EC14F1D52C}"
EndProject
Project("{FAE04EC0-301F-11D3-BF4B-00C04F79EFBC}") = "SourceGen.Tests", "tests\SourceGen.Tests\SourceGen.Tests.csproj", "{FBC5FFFC-2183-432B-87B9-21C6650FF756}"
EndProject
Project("{FAE04EC0-301F-11D3-BF4B-00C04F79EFBC}") = "Dualis.UnitTests", "tests\Dualis.UnitTests\Dualis.UnitTests.csproj", "{44CC9837-8DD5-0670-6EB2-6484C7CA14E3}"
EndProject
Project("{FAE04EC0-301F-11D3-BF4B-00C04F79EFBC}") = "Dualis.PackageSmokeTests", "tests\Dualis.PackageSmokeTests\Dualis.PackageSmokeTests.csproj", "{C7D78884-08AB-BDE7-83D6-79B723FF834F}"
EndProject
Project("{2150E333-8FDC-42A3-9474-1A3956D46DE8}") = "workflows", "workflows", "{60827823-7536-4C0B-AD56-C6B37275D83A}"
	ProjectSection(SolutionItems) = preProject
		.github\workflows\ci.yml = .github\workflows\ci.yml
	EndProjectSection
EndProject
Project("{2150E333-8FDC-42A3-9474-1A3956D46DE8}") = "src", "src", "{E752F78E-B6F2-47C5-86FB-31BA85F2FF16}"
EndProject
Project("{FAE04EC0-301F-11D3-BF4B-00C04F79EFBC}") = "DDD.Domain", "samples\DDD.Domain\DDD.Domain.csproj", "{99B68D7F-A96F-72A9-850B-48B2CC461407}"
EndProject
Project("{FAE04EC0-301F-11D3-BF4B-00C04F79EFBC}") = "DDD.Application", "samples\DDD.Application\DDD.Application.csproj", "{43C37D22-BA54-CC41-B2FE-F1983E78A79B}"
EndProject
Project("{FAE04EC0-301F-11D3-BF4B-00C04F79EFBC}") = "DDD.Infrastructure", "samples\DDD.Infrastructure\DDD.Infrastructure.csproj", "{CC4A51BC-62EF-C96C-C0E7-BCAE8718C8EC}"
EndProject
Project("{FAE04EC0-301F-11D3-BF4B-00C04F79EFBC}") = "DDD.Presentation", "samples\DDD.Presentation\DDD.Presentation.csproj", "{73FB9A32-483C-C5DD-4942-5DA5971EA4B4}"
EndProject
Global
	GlobalSection(SolutionConfigurationPlatforms) = preSolution
		Debug|Any CPU = Debug|Any CPU
		Debug|x64 = Debug|x64
		Debug|x86 = Debug|x86
		Release|Any CPU = Release|Any CPU
		Release|x64 = Release|x64
		Release|x86 = Release|x86
	EndGlobalSection
	GlobalSection(ProjectConfigurationPlatforms) = postSolution
		{FCD373BE-2729-4A07-A50E-8673D24F4D10}.Debug|Any CPU.ActiveCfg = Debug|Any CPU
		{FCD373BE-2729-4A07-A50E-8673D24F4D10}.Debug|Any CPU.Build.0 = Debug|Any CPU
		{FCD373BE-2729-4A07-A50E-8673D24F4D10}.Debug|x64.ActiveCfg = Debug|Any CPU
		{FCD373BE-2729-4A07-A50E-8673D24F4D10}.Debug|x64.Build.0 = Debug|Any CPU
		{FCD373BE-2729-4A07-A50E-8673D24F4D10}.Debug|x86.ActiveCfg = Debug|Any CPU
		{FCD373BE-2729-4A07-A50E-8673D24F4D10}.Debug|x86.Build.0 = Debug|Any CPU
		{FCD373BE-2729-4A07-A50E-8673D24F4D10}.Release|Any CPU.ActiveCfg = Release|Any CPU
		{FCD373BE-2729-4A07-A50E-8673D24F4D10}.Release|Any CPU.Build.0 = Release|Any CPU
		{FCD373BE-2729-4A07-A50E-8673D24F4D10}.Release|x64.ActiveCfg = Release|Any CPU
		{FCD373BE-2729-4A07-A50E-8673D24F4D10}.Release|x64.Build.0 = Release|Any CPU
		{FCD373BE-2729-4A07-A50E-8673D24F4D10}.Release|x86.ActiveCfg = Release|Any CPU
		{FCD373BE-2729-4A07-A50E-8673D24F4D10}.Release|x86.Build.0 = Release|Any CPU
		{F427A3AA-A3E2-4F7A-9C48-E7A62E4844E6}.Debug|Any CPU.ActiveCfg = Debug|Any CPU
		{F427A3AA-A3E2-4F7A-9C48-E7A62E4844E6}.Debug|Any CPU.Build.0 = Debug|Any CPU
		{F427A3AA-A3E2-4F7A-9C48-E7A62E4844E6}.Debug|x64.ActiveCfg = Debug|Any CPU
		{F427A3AA-A3E2-4F7A-9C48-E7A62E4844E6}.Debug|x64.Build.0 = Debug|Any CPU
		{F427A3AA-A3E2-4F7A-9C48-E7A62E4844E6}.Debug|x86.ActiveCfg = Debug|Any CPU
		{F427A3AA-A3E2-4F7A-9C48-E7A62E4844E6}.Debug|x86.Build.0 = Debug|Any CPU
		{F427A3AA-A3E2-4F7A-9C48-E7A62E4844E6}.Release|Any CPU.ActiveCfg = Release|Any CPU
		{F427A3AA-A3E2-4F7A-9C48-E7A62E4844E6}.Release|Any CPU.Build.0 = Release|Any CPU
		{F427A3AA-A3E2-4F7A-9C48-E7A62E4844E6}.Release|x64.ActiveCfg = Release|Any CPU
		{F427A3AA-A3E2-4F7A-9C48-E7A62E4844E6}.Release|x64.Build.0 = Release|Any CPU
		{F427A3AA-A3E2-4F7A-9C48-E7A62E4844E6}.Release|x86.ActiveCfg = Release|Any CPU
		{F427A3AA-A3E2-4F7A-9C48-E7A62E4844E6}.Release|x86.Build.0 = Release|Any CPU
		{BFEE1445-2298-C853-6AC1-90D5A8B2BE3A}.Debug|Any CPU.ActiveCfg = Debug|Any CPU
		{BFEE1445-2298-C853-6AC1-90D5A8B2BE3A}.Debug|Any CPU.Build.0 = Debug|Any CPU
		{BFEE1445-2298-C853-6AC1-90D5A8B2BE3A}.Debug|x64.ActiveCfg = Debug|Any CPU
		{BFEE1445-2298-C853-6AC1-90D5A8B2BE3A}.Debug|x64.Build.0 = Debug|Any CPU
		{BFEE1445-2298-C853-6AC1-90D5A8B2BE3A}.Debug|x86.ActiveCfg = Debug|Any CPU
		{BFEE1445-2298-C853-6AC1-90D5A8B2BE3A}.Debug|x86.Build.0 = Debug|Any CPU
		{BFEE1445-2298-C853-6AC1-90D5A8B2BE3A}.Release|Any CPU.ActiveCfg = Release|Any CPU
		{BFEE1445-2298-C853-6AC1-90D5A8B2BE3A}.Release|Any CPU.Build.0 = Release|Any CPU
		{BFEE1445-2298-C853-6AC1-90D5A8B2BE3A}.Release|x64.ActiveCfg = Release|Any CPU
		{BFEE1445-2298-C853-6AC1-90D5A8B2BE3A}.Release|x64.Build.0 = Release|Any CPU
		{BFEE1445-2298-C853-6AC1-90D5A8B2BE3A}.Release|x86.ActiveCfg = Release|Any CPU
		{BFEE1445-2298-C853-6AC1-90D5A8B2BE3A}.Release|x86.Build.0 = Release|Any CPU
		{A58E04A3-E344-49F4-A19F-82EC14F1D52C}.Debug|Any CPU.ActiveCfg = Debug|Any CPU
		{A58E04A3-E344-49F4-A19F-82EC14F1D52C}.Debug|Any CPU.Build.0 = Debug|Any CPU
		{A58E04A3-E344-49F4-A19F-82EC14F1D52C}.Debug|x64.ActiveCfg = Debug|Any CPU
		{A58E04A3-E344-49F4-A19F-82EC14F1D52C}.Debug|x64.Build.0 = Debug|Any CPU
		{A58E04A3-E344-49F4-A19F-82EC14F1D52C}.Debug|x86.ActiveCfg = Debug|Any CPU
		{A58E04A3-E344-49F4-A19F-82EC14F1D52C}.Debug|x86.Build.0 = Debug|Any CPU
		{A58E04A3-E344-49F4-A19F-82EC14F1D52C}.Release|Any CPU.ActiveCfg = Release|Any CPU
		{A58E04A3-E344-49F4-A19F-82EC14F1D52C}.Release|Any CPU.Build.0 = Release|Any CPU
		{A58E04A3-E344-49F4-A19F-82EC14F1D52C}.Release|x64.ActiveCfg = Release|Any CPU
		{A58E04A3-E344-49F4-A19F-82EC14F1D52C}.Release|x64.Build.0 = Release|Any CPU
		{A58E04A3-E344-49F4-A19F-82EC14F1D52C}.Release|x86.ActiveCfg = Release|Any CPU
		{A58E04A3-E344-49F4-A19F-82EC14F1D52C}.Release|x86.Build.0 = Release|Any CPU
		{FBC5FFFC-2183-432B-87B9-21C6650FF756}.Debug|Any CPU.ActiveCfg = Debug|Any CPU
		{FBC5FFFC-2183-432B-87B9-21C6650FF756}.Debug|Any CPU.Build.0 = Debug|Any CPU
		{FBC5FFFC-2183-432B-87B9-21C6650FF756}.Debug|x64.ActiveCfg = Debug|Any CPU
		{FBC5FFFC-2183-432B-87B9-21C6650FF756}.Debug|x64.Build.0 = Debug|Any CPU
		{FBC5FFFC-2183-432B-87B9-21C6650FF756}.Debug|x86.ActiveCfg = Debug|Any CPU
		{FBC5FFFC-2183-432B-87B9-21C6650FF756}.Debug|x86.Build.0 = Debug|Any CPU
		{FBC5FFFC-2183-432B-87B9-21C6650FF756}.Release|Any CPU.ActiveCfg = Release|Any CPU
		{FBC5FFFC-2183-432B-87B9-21C6650FF756}.Release|Any CPU.Build.0 = Release|Any CPU
		{FBC5FFFC-2183-432B-87B9-21C6650FF756}.Release|x64.ActiveCfg = Release|Any CPU
		{FBC5FFFC-2183-432B-87B9-21C6650FF756}.Release|x64.Build.0 = Release|Any CPU
		{FBC5FFFC-2183-432B-87B9-21C6650FF756}.Release|x86.ActiveCfg = Release|Any CPU
		{FBC5FFFC-2183-432B-87B9-21C6650FF756}.Release|x86.Build.0 = Release|Any CPU
		{44CC9837-8DD5-0670-6EB2-6484C7CA14E3}.Debug|Any CPU.ActiveCfg = Debug|Any CPU
		{44CC9837-8DD5-0670-6EB2-6484C7CA14E3}.Debug|Any CPU.Build.0 = Debug|Any CPU
		{44CC9837-8DD5-0670-6EB2-6484C7CA14E3}.Debug|x64.ActiveCfg = Debug|Any CPU
		{44CC9837-8DD5-0670-6EB2-6484C7CA14E3}.Debug|x64.Build.0 = Debug|Any CPU
		{44CC9837-8DD5-0670-6EB2-6484C7CA14E3}.Debug|x86.ActiveCfg = Debug|Any CPU
		{44CC9837-8DD5-0670-6EB2-6484C7CA14E3}.Debug|x86.Build.0 = Debug|Any CPU
		{44CC9837-8DD5-0670-6EB2-6484C7CA14E3}.Release|Any CPU.ActiveCfg = Release|Any CPU
		{44CC9837-8DD5-0670-6EB2-6484C7CA14E3}.Release|Any CPU.Build.0 = Release|Any CPU
		{44CC9837-8DD5-0670-6EB2-6484C7CA14E3}.Release|x64.ActiveCfg = Release|Any CPU
		{44CC9837-8DD5-0670-6EB2-6484C7CA14E3}.Release|x64.Build.0 = Release|Any CPU
		{44CC9837-8DD5-0670-6EB2-6484C7CA14E3}.Release|x86.ActiveCfg = Release|Any CPU
		{44CC9837-8DD5-0670-6EB2-6484C7CA14E3}.Release|x86.Build.0 = Release|Any CPU
		{C7D78884-08AB-BDE7-83D6-79B723FF834F}.Debug|Any CPU.ActiveCfg = Debug|Any CPU
		{C7D78884-08AB-BDE7-83D6-79B723FF834F}.Debug|Any CPU.Build.0 = Debug|Any CPU
		{C7D78884-08AB-BDE7-83D6-79B723FF834F}.Debug|x64.ActiveCfg = Debug|Any CPU
		{C7D78884-08AB-BDE7-83D6-79B723FF834F}.Debug|x64.Build.0 = Debug|Any CPU
		{C7D78884-08AB-BDE7-83D6-79B723FF834F}.Debug|x86.ActiveCfg = Debug|Any CPU
		{C7D78884-08AB-BDE7-83D6-79B723FF834F}.Debug|x86.Build.0 = Debug|Any CPU
		{C7D78884-08AB-BDE7-83D6-79B723FF834F}.Release|Any CPU.ActiveCfg = Release|Any CPU
		{C7D78884-08AB-BDE7-83D6-79B723FF834F}.Release|Any CPU.Build.0 = Release|Any CPU
		{C7D78884-08AB-BDE7-83D6-79B723FF834F}.Release|x64.ActiveCfg = Release|Any CPU
		{C7D78884-08AB-BDE7-83D6-79B723FF834F}.Release|x64.Build.0 = Release|Any CPU
		{C7D78884-08AB-BDE7-83D6-79B723FF834F}.Release|x86.ActiveCfg = Release|Any CPU
		{C7D78884-08AB-BDE7-83D6-79B723FF834F}.Release|x86.Build.0 = Release|Any CPU
		{99B68D7F-A96F-72A9-850B-48B2CC461407}.Debug|Any CPU.ActiveCfg = Debug|Any CPU
		{99B68D7F-A96F-72A9-850B-48B2CC461407}.Debug|Any CPU.Build.0 = Debug|Any CPU
		{99B68D7F-A96F-72A9-850B-48B2CC461407}.Debug|x64.ActiveCfg = Debug|Any CPU
		{99B68D7F-A96F-72A9-850B-48B2CC461407}.Debug|x64.Build.0 = Debug|Any CPU
		{99B68D7F-A96F-72A9-850B-48B2CC461407}.Debug|x86.ActiveCfg = Debug|Any CPU
		{99B68D7F-A96F-72A9-850B-48B2CC461407}.Debug|x86.Build.0 = Debug|Any CPU
		{99B68D7F-A96F-72A9-850B-48B2CC461407}.Release|Any CPU.ActiveCfg = Release|Any CPU
		{99B68D7F-A96F-72A9-850B-48B2CC461407}.Release|Any CPU.Build.0 = Release|Any CPU
		{99B68D7F-A96F-72A9-850B-48B2CC461407}.Release|x64.ActiveCfg = Release|Any CPU
		{99B68D7F-A96F-72A9-850B-48B2CC461407}.Release|x64.Build.0 = Release|Any CPU
		{99B68D7F-A96F-72A9-850B-48B2CC461407}.Release|x86.ActiveCfg = Release|Any CPU
		{99B68D7F-A96F-72A9-850B-48B2CC461407}.Release|x86.Build.0 = Release|Any CPU
		{43C37D22-BA54-CC41-B2FE-F1983E78A79B}.Debug|Any CPU.ActiveCfg = Debug|Any CPU
		{43C37D22-BA54-CC41-B2FE-F1983E78A79B}.Debug|Any CPU.Build.0 = Debug|Any CPU
		{43C37D22-BA54-CC41-B2FE-F1983E78A79B}.Debug|x64.ActiveCfg = Debug|Any CPU
		{43C37D22-BA54-CC41-B2FE-F1983E78A79B}.Debug|x64.Build.0 = Debug|Any CPU
		{43C37D22-BA54-CC41-B2FE-F1983E78A79B}.Debug|x86.ActiveCfg = Debug|Any CPU
		{43C37D22-BA54-CC41-B2FE-F1983E78A79B}.Debug|x86.Build.0 = Debug|Any CPU
		{43C37D22-BA54-CC41-B2FE-F1983E78A79B}.Release|Any CPU.ActiveCfg = Release|Any CPU
		{43C37D22-BA54-CC41-B2FE-F1983E78A79B}.Release|Any CPU.Build.0 = Release|Any CPU
		{43C37D22-BA54-CC41-B2FE-F1983E78A79B}.Release|x64.ActiveCfg = Release|Any CPU
		{43C37D22-BA54-CC41-B2FE-F1983E78A79B}.Release|x64.Build.0 = Release|Any CPU
		{43C37D22-BA54-CC41-B2FE-F1983E78A79B}.Release|x86.ActiveCfg = Release|Any CPU
		{43C37D22-BA54-CC41-B2FE-F1983E78A79B}.Release|x86.Build.0 = Release|Any CPU
		{CC4A51BC-62EF-C96C-C0E7-BCAE8718C8EC}.Debug|Any CPU.ActiveCfg = Debug|Any CPU
		{CC4A51BC-62EF-C96C-C0E7-BCAE8718C8EC}.Debug|Any CPU.Build.0 = Debug|Any CPU
		{CC4A51BC-62EF-C96C-C0E7-BCAE8718C8EC}.Debug|x64.ActiveCfg = Debug|Any CPU
		{CC4A51BC-62EF-C96C-C0E7-BCAE8718C8EC}.Debug|x64.Build.0 = Debug|Any CPU
		{CC4A51BC-62EF-C96C-C0E7-BCAE8718C8EC}.Debug|x86.ActiveCfg = Debug|Any CPU
		{CC4A51BC-62EF-C96C-C0E7-BCAE8718C8EC}.Debug|x86.Build.0 = Debug|Any CPU
		{CC4A51BC-62EF-C96C-C0E7-BCAE8718C8EC}.Release|Any CPU.ActiveCfg = Release|Any CPU
		{CC4A51BC-62EF-C96C-C0E7-BCAE8718C8EC}.Release|Any CPU.Build.0 = Release|Any CPU
		{CC4A51BC-62EF-C96C-C0E7-BCAE8718C8EC}.Release|x64.ActiveCfg = Release|Any CPU
		{CC4A51BC-62EF-C96C-C0E7-BCAE8718C8EC}.Release|x64.Build.0 = Release|Any CPU
		{CC4A51BC-62EF-C96C-C0E7-BCAE8718C8EC}.Release|x86.ActiveCfg = Release|Any CPU
		{CC4A51BC-62EF-C96C-C0E7-BCAE8718C8EC}.Release|x86.Build.0 = Release|Any CPU
		{73FB9A32-483C-C5DD-4942-5DA5971EA4B4}.Debug|Any CPU.ActiveCfg = Debug|Any CPU
		{73FB9A32-483C-C5DD-4942-5DA5971EA4B4}.Debug|Any CPU.Build.0 = Debug|Any CPU
		{73FB9A32-483C-C5DD-4942-5DA5971EA4B4}.Debug|x64.ActiveCfg = Debug|Any CPU
		{73FB9A32-483C-C5DD-4942-5DA5971EA4B4}.Debug|x64.Build.0 = Debug|Any CPU
		{73FB9A32-483C-C5DD-4942-5DA5971EA4B4}.Debug|x86.ActiveCfg = Debug|Any CPU
		{73FB9A32-483C-C5DD-4942-5DA5971EA4B4}.Debug|x86.Build.0 = Debug|Any CPU
		{73FB9A32-483C-C5DD-4942-5DA5971EA4B4}.Release|Any CPU.ActiveCfg = Release|Any CPU
		{73FB9A32-483C-C5DD-4942-5DA5971EA4B4}.Release|Any CPU.Build.0 = Release|Any CPU
		{73FB9A32-483C-C5DD-4942-5DA5971EA4B4}.Release|x64.ActiveCfg = Release|Any CPU
		{73FB9A32-483C-C5DD-4942-5DA5971EA4B4}.Release|x64.Build.0 = Release|Any CPU
		{73FB9A32-483C-C5DD-4942-5DA5971EA4B4}.Release|x86.ActiveCfg = Release|Any CPU
		{73FB9A32-483C-C5DD-4942-5DA5971EA4B4}.Release|x86.Build.0 = Release|Any CPU
	EndGlobalSection
	GlobalSection(SolutionProperties) = preSolution
		HideSolutionNode = FALSE
	EndGlobalSection
	GlobalSection(NestedProjects) = preSolution
		{FCD373BE-2729-4A07-A50E-8673D24F4D10} = {E752F78E-B6F2-47C5-86FB-31BA85F2FF16}
		{BFEE1445-2298-C853-6AC1-90D5A8B2BE3A} = {E752F78E-B6F2-47C5-86FB-31BA85F2FF16}
		{A58E04A3-E344-49F4-A19F-82EC14F1D52C} = {0AB3BF05-4346-4AA6-1389-037BE0695223}
		{FBC5FFFC-2183-432B-87B9-21C6650FF756} = {0AB3BF05-4346-4AA6-1389-037BE0695223}
		{44CC9837-8DD5-0670-6EB2-6484C7CA14E3} = {0AB3BF05-4346-4AA6-1389-037BE0695223}
		{C7D78884-08AB-BDE7-83D6-79B723FF834F} = {0AB3BF05-4346-4AA6-1389-037BE0695223}
		{60827823-7536-4C0B-AD56-C6B37275D83A} = {02EA681E-C7D8-13C7-8484-4AC65E1B71E8}
	EndGlobalSection
	GlobalSection(ExtensibilityGlobals) = postSolution
		SolutionGuid = {8DB4E09F-207D-47AA-8B52-033B61A6933E}
	EndGlobalSection
EndGlobal
